// !$*UTF8*$!
{
	archiveVersion = 1;
	classes = {
	};
	objectVersion = 46;
	objects = {

/* Begin PBXBuildFile section */
		8B7941CF1C382AAB00A8D7C6 /* QRImageView.m in Sources */ = {isa = PBXBuildFile; fileRef = 8B7941CE1C382AAB00A8D7C6 /* QRImageView.m */; };
		C968CA0D1C37AFA200A4988C /* AppDelegate.m in Sources */ = {isa = PBXBuildFile; fileRef = C968CA0C1C37AFA200A4988C /* AppDelegate.m */; };
		C968CA101C37AFA200A4988C /* main.m in Sources */ = {isa = PBXBuildFile; fileRef = C968CA0F1C37AFA200A4988C /* main.m */; };
		C968CA121C37AFA200A4988C /* Assets.xcassets in Resources */ = {isa = PBXBuildFile; fileRef = C968CA111C37AFA200A4988C /* Assets.xcassets */; };
		C968CA151C37AFA300A4988C /* MainMenu.xib in Resources */ = {isa = PBXBuildFile; fileRef = C968CA131C37AFA300A4988C /* MainMenu.xib */; };
/* End PBXBuildFile section */

/* Begin PBXFileReference section */
		8B7941CD1C382AAB00A8D7C6 /* QRImageView.h */ = {isa = PBXFileReference; fileEncoding = 4; lastKnownFileType = sourcecode.c.h; path = QRImageView.h; sourceTree = "<group>"; };
		8B7941CE1C382AAB00A8D7C6 /* QRImageView.m */ = {isa = PBXFileReference; fileEncoding = 4; lastKnownFileType = sourcecode.c.objc; path = QRImageView.m; sourceTree = "<group>"; };
		C968CA081C37AFA200A4988C /* QRCodeGenerator.app */ = {isa = PBXFileReference; explicitFileType = wrapper.application; includeInIndex = 0; path = QRCodeGenerator.app; sourceTree = BUILT_PRODUCTS_DIR; };
		C968CA0B1C37AFA200A4988C /* AppDelegate.h */ = {isa = PBXFileReference; lastKnownFileType = sourcecode.c.h; path = AppDelegate.h; sourceTree = "<group>"; };
		C968CA0C1C37AFA200A4988C /* AppDelegate.m */ = {isa = PBXFileReference; lastKnownFileType = sourcecode.c.objc; path = AppDelegate.m; sourceTree = "<group>"; };
		C968CA0F1C37AFA200A4988C /* main.m */ = {isa = PBXFileReference; lastKnownFileType = sourcecode.c.objc; path = main.m; sourceTree = "<group>"; };
		C968CA111C37AFA200A4988C /* Assets.xcassets */ = {isa = PBXFileReference; lastKnownFileType = folder.assetcatalog; path = Assets.xcassets; sourceTree = "<group>"; };
		C968CA141C37AFA300A4988C /* Base */ = {isa = PBXFileReference; lastKnownFileType = file.xib; name = Base; path = Base.lproj/MainMenu.xib; sourceTree = "<group>"; };
		C968CA161C37AFA300A4988C /* Info.plist */ = {isa = PBXFileReference; lastKnownFileType = text.plist.xml; path = Info.plist; sourceTree = "<group>"; };
/* End PBXFileReference section */

/* Begin PBXFrameworksBuildPhase section */
		C968CA051C37AFA200A4988C /* Frameworks */ = {
			isa = PBXFrameworksBuildPhase;
			buildActionMask = 2147483647;
			files = (
			);
			runOnlyForDeploymentPostprocessing = 0;
		};
/* End PBXFrameworksBuildPhase section */

/* Begin PBXGroup section */
		C968C9FF1C37AFA200A4988C = {
			isa = PBXGroup;
			children = (
				C968CA0A1C37AFA200A4988C /* QRCodeGenerator */,
				C968CA091C37AFA200A4988C /* Products */,
			);
			sourceTree = "<group>";
		};
		C968CA091C37AFA200A4988C /* Products */ = {
			isa = PBXGroup;
			children = (
				C968CA081C37AFA200A4988C /* QRCodeGenerator.app */,
			);
			name = Products;
			sourceTree = "<group>";
		};
		C968CA0A1C37AFA200A4988C /* QRCodeGenerator */ = {
			isa = PBXGroup;
			children = (
				C968CA0B1C37AFA200A4988C /* AppDelegate.h */,
				C968CA0C1C37AFA200A4988C /* AppDelegate.m */,
				8B7941CD1C382AAB00A8D7C6 /* QRImageView.h */,
				8B7941CE1C382AAB00A8D7C6 /* QRImageView.m */,
				C968CA111C37AFA200A4988C /* Assets.xcassets */,
				C968CA131C37AFA300A4988C /* MainMenu.xib */,
				C968CA161C37AFA300A4988C /* Info.plist */,
				C968CA0E1C37AFA200A4988C /* Supporting Files */,
			);
			path = QRCodeGenerator;
			sourceTree = "<group>";
		};
		C968CA0E1C37AFA200A4988C /* Supporting Files */ = {
			isa = PBXGroup;
			children = (
				C968CA0F1C37AFA200A4988C /* main.m */,
			);
			name = "Supporting Files";
			sourceTree = "<group>";
		};
/* End PBXGroup section */

/* Begin PBXNativeTarget section */
		C968CA071C37AFA200A4988C /* QRCodeGenerator */ = {
			isa = PBXNativeTarget;
			buildConfigurationList = C968CA191C37AFA300A4988C /* Build configuration list for PBXNativeTarget "QRCodeGenerator" */;
			buildPhases = (
				C968CA041C37AFA200A4988C /* Sources */,
				C968CA051C37AFA200A4988C /* Frameworks */,
				C968CA061C37AFA200A4988C /* Resources */,
			);
			buildRules = (
			);
			dependencies = (
			);
			name = QRCodeGenerator;
			productName = QRCodeGenerator;
			productReference = C968CA081C37AFA200A4988C /* QRCodeGenerator.app */;
			productType = "com.apple.product-type.application";
		};
/* End PBXNativeTarget section */

/* Begin PBXProject section */
		C968CA001C37AFA200A4988C /* Project object */ = {
			isa = PBXProject;
			attributes = {
				LastUpgradeCheck = 0720;
				ORGANIZATIONNAME = ZTE;
				TargetAttributes = {
					C968CA071C37AFA200A4988C = {
						CreatedOnToolsVersion = 7.2;
					};
				};
			};
			buildConfigurationList = C968CA031C37AFA200A4988C /* Build configuration list for PBXProject "QRCodeGenerator" */;
			compatibilityVersion = "Xcode 3.2";
			developmentRegion = English;
			hasScannedForEncodings = 0;
			knownRegions = (
				en,
				Base,
			);
			mainGroup = C968C9FF1C37AFA200A4988C;
			productRefGroup = C968CA091C37AFA200A4988C /* Products */;
			projectDirPath = "";
			projectRoot = "";
			targets = (
				C968CA071C37AFA200A4988C /* QRCodeGenerator */,
			);
		};
/* End PBXProject section */

/* Begin PBXResourcesBuildPhase section */
		C968CA061C37AFA200A4988C /* Resources */ = {
			isa = PBXResourcesBuildPhase;
			buildActionMask = 2147483647;
			files = (
				C968CA121C37AFA200A4988C /* Assets.xcassets in Resources */,
				C968CA151C37AFA300A4988C /* MainMenu.xib in Resources */,
			);
			runOnlyForDeploymentPostprocessing = 0;
		};
/* End PBXResourcesBuildPhase section */

/* Begin PBXSourcesBuildPhase section */
		C968CA041C37AFA200A4988C /* Sources */ = {
			isa = PBXSourcesBuildPhase;
			buildActionMask = 2147483647;
			files = (
				8B7941CF1C382AAB00A8D7C6 /* QRImageView.m in Sources */,
				C968CA101C37AFA200A4988C /* main.m in Sources */,
				C968CA0D1C37AFA200A4988C /* AppDelegate.m in Sources */,
			);
			runOnlyForDeploymentPostprocessing = 0;
		};
/* End PBXSourcesBuildPhase section */

/* Begin PBXVariantGroup section */
		C968CA131C37AFA300A4988C /* MainMenu.xib */ = {
			isa = PBXVariantGroup;
			children = (
				C968CA141C37AFA300A4988C /* Base */,
			);
			name = MainMenu.xib;
			sourceTree = "<group>";
		};
/* End PBXVariantGroup section */

/* Begin XCBuildConfiguration section */
		C968CA171C37AFA300A4988C /* Debug */ = {
			isa = XCBuildConfiguration;
			buildSettings = {
				ALWAYS_SEARCH_USER_PATHS = NO;
				CLANG_CXX_LANGUAGE_STANDARD = "gnu++0x";
				CLANG_CXX_LIBRARY = "libc++";
				CLANG_ENABLE_MODULES = YES;
				CLANG_ENABLE_OBJC_ARC = YES;
				CLANG_WARN_BOOL_CONVERSION = YES;
				CLANG_WARN_CONSTANT_CONVERSION = YES;
				CLANG_WARN_DIRECT_OBJC_ISA_USAGE = YES_ERROR;
				CLANG_WARN_EMPTY_BODY = YES;
				CLANG_WARN_ENUM_CONVERSION = YES;
				CLANG_WARN_INT_CONVERSION = YES;
				CLANG_WARN_OBJC_ROOT_CLASS = YES_ERROR;
				CLANG_WARN_UNREACHABLE_CODE = YES;
				CLANG_WARN__DUPLICATE_METHOD_MATCH = YES;
				CODE_SIGN_IDENTITY = "-";
				COPY_PHASE_STRIP = NO;
				DEBUG_INFORMATION_FORMAT = dwarf;
				ENABLE_STRICT_OBJC_MSGSEND = YES;
				ENABLE_TESTABILITY = YES;
				GCC_C_LANGUAGE_STANDARD = gnu99;
				GCC_DYNAMIC_NO_PIC = NO;
				GCC_NO_COMMON_BLOCKS = YES;
				GCC_OPTIMIZATION_LEVEL = 0;
				GCC_PREPROCESSOR_DEFINITIONS = (
					"DEBUG=1",
					"$(inherited)",
				);
				GCC_WARN_64_TO_32_BIT_CONVERSION = YES;
				GCC_WARN_ABOUT_RETURN_TYPE = YES_ERROR;
				GCC_WARN_UNDECLARED_SELECTOR = YES;
				GCC_WARN_UNINITIALIZED_AUTOS = YES_AGGRESSIVE;
				GCC_WARN_UNUSED_FUNCTION = YES;
				GCC_WARN_UNUSED_VARIABLE = YES;
				MACOSX_DEPLOYMENT_TARGET = 10.11;
				MTL_ENABLE_DEBUG_INFO = YES;
				ONLY_ACTIVE_ARCH = YES;
				SDKROOT = macosx;
			};
			name = Debug;
		};
		C968CA181C37AFA300A4988C /* Release */ = {
			isa = XCBuildConfiguration;
			buildSettings = {
				ALWAYS_SEARCH_USER_PATHS = NO;
				CLANG_CXX_LANGUAGE_STANDARD = "gnu++0x";
				CLANG_CXX_LIBRARY = "libc++";
				CLANG_ENABLE_MODULES = YES;
				CLANG_ENABLE_OBJC_ARC = YES;
				CLANG_WARN_BOOL_CONVERSION = YES;
				CLANG_WARN_CONSTANT_CONVERSION = YES;
				CLANG_WARN_DIRECT_OBJC_ISA_USAGE = YES_ERROR;
				CLANG_WARN_EMPTY_BODY = YES;
				CLANG_WARN_ENUM_CONVERSION = YES;
				CLANG_WARN_INT_CONVERSION = YES;
				CLANG_WARN_OBJC_ROOT_CLASS = YES_ERROR;
				CLANG_WARN_UNREACHABLE_CODE = YES;
				CLANG_WARN__DUPLICATE_METHOD_MATCH = YES;
				CODE_SIGN_IDENTITY = "-";
				COPY_PHASE_STRIP = NO;
				DEBUG_INFORMATION_FORMAT = "dwarf-with-dsym";
				ENABLE_NS_ASSERTIONS = NO;
				ENABLE_STRICT_OBJC_MSGSEND = YES;
				GCC_C_LANGUAGE_STANDARD = gnu99;
				GCC_NO_COMMON_BLOCKS = YES;
				GCC_WARN_64_TO_32_BIT_CONVERSION = YES;
				GCC_WARN_ABOUT_RETURN_TYPE = YES_ERROR;
				GCC_WARN_UNDECLARED_SELECTOR = YES;
				GCC_WARN_UNINITIALIZED_AUTOS = YES_AGGRESSIVE;
				GCC_WARN_UNUSED_FUNCTION = YES;
				GCC_WARN_UNUSED_VARIABLE = YES;
				MACOSX_DEPLOYMENT_TARGET = 10.11;
				MTL_ENABLE_DEBUG_INFO = NO;
				SDKROOT = macosx;
			};
			name = Release;
		};
		C968CA1A1C37AFA300A4988C /* Debug */ = {
			isa = XCBuildConfiguration;
			buildSettings = {
				ASSETCATALOG_COMPILER_APPICON_NAME = AppIcon;
				COMBINE_HIDPI_IMAGES = YES;
				INFOPLIST_FILE = QRCodeGenerator/Info.plist;
				LD_RUNPATH_SEARCH_PATHS = "$(inherited) @executable_path/../Frameworks";
				PRODUCT_BUNDLE_IDENTIFIER = com.kaifeng.QRCodeGenerator;
				PRODUCT_NAME = "$(TARGET_NAME)";
			};
			name = Debug;
		};
		C968CA1B1C37AFA300A4988C /* Release */ = {
			isa = XCBuildConfiguration;
			buildSettings = {
				ASSETCATALOG_COMPILER_APPICON_NAME = AppIcon;
				COMBINE_HIDPI_IMAGES = YES;
				INFOPLIST_FILE = QRCodeGenerator/Info.plist;
				LD_RUNPATH_SEARCH_PATHS = "$(inherited) @executable_path/../Frameworks";
				PRODUCT_BUNDLE_IDENTIFIER = com.kaifeng.QRCodeGenerator;
				PRODUCT_NAME = "$(TARGET_NAME)";
			};
			name = Release;
		};
/* End XCBuildConfiguration section */

/* Begin XCConfigurationList section */
		C968CA031C37AFA200A4988C /* Build configuration list for PBXProject "QRCodeGenerator" */ = {
			isa = XCConfigurationList;
			buildConfigurations = (
				C968CA171C37AFA300A4988C /* Debug */,
				C968CA181C37AFA300A4988C /* Release */,
			);
			defaultConfigurationIsVisible = 0;
			defaultConfigurationName = Release;
		};
		C968CA191C37AFA300A4988C /* Build configuration list for PBXNativeTarget "QRCodeGenerator" */ = {
			isa = XCConfigurationList;
			buildConfigurations = (
				C968CA1A1C37AFA300A4988C /* Debug */,
				C968CA1B1C37AFA300A4988C /* Release */,
			);
			defaultConfigurationIsVisible = 0;
			defaultConfigurationName = Release;
		};
/* End XCConfigurationList section */
	};
	rootObject = C968CA001C37AFA200A4988C /* Project object */;
}
